
Microsoft Visual Studio Solution File, Format Version 12.00
# Visual Studio 15
Project("{FAE04EC0-301F-11D3-BF4B-00C04F79EFBC}") = "Assembly-CSharp-Editor", "Assembly-CSharp-Editor.csproj", "{9DDB8765-A9E7-A0D3-4ED9-9B6133912DB5}"
EndProject
Project("{FAE04EC0-301F-11D3-BF4B-00C04F79EFBC}") = "Assembly-CSharp", "Assembly-CSharp.csproj", "{BAB97CB7-396E-EEDB-CF18-93F6A798C159}"
EndProject
Global
	GlobalSection(SolutionConfigurationPlatforms) = preSolution
		Debug|Any CPU = Debug|Any CPU
		Release|Any CPU = Release|Any CPU
	EndGlobalSection
	GlobalSection(ProjectConfigurationPlatforms) = postSolution
		{9DDB8765-A9E7-A0D3-4ED9-9B6133912DB5}.Debug|Any CPU.ActiveCfg = Debug|Any CPU
		{9DDB8765-A9E7-A0D3-4ED9-9B6133912DB5}.Debug|Any CPU.Build.0 = Debug|Any CPU
		{9DDB8765-A9E7-A0D3-4ED9-9B6133912DB5}.Release|Any CPU.ActiveCfg = Release|Any CPU
		{9DDB8765-A9E7-A0D3-4ED9-9B6133912DB5}.Release|Any CPU.Build.0 = Release|Any CPU
		{BAB97CB7-396E-EEDB-CF18-93F6A798C159}.Debug|Any CPU.ActiveCfg = Debug|Any CPU
		{BAB97CB7-396E-EEDB-CF18-93F6A798C159}.Debug|Any CPU.Build.0 = Debug|Any CPU
		{BAB97CB7-396E-EEDB-CF18-93F6A798C159}.Release|Any CPU.ActiveCfg = Release|Any CPU
		{BAB97CB7-396E-EEDB-CF18-93F6A798C159}.Release|Any CPU.Build.0 = Release|Any CPU
	EndGlobalSection
	GlobalSection(SolutionProperties) = preSolution
		HideSolutionNode = FALSE
	EndGlobalSection
EndGlobal
